
Microsoft Visual Studio Solution File, Format Version 12.00
# Visual Studio 15
VisualStudioVersion = 15.0.28010.2019
MinimumVisualStudioVersion = 10.0.40219.1
Project("{FAE04EC0-301F-11D3-BF4B-00C04F79EFBC}") = "AxesToAxesTrim", "AxesToAxesTrim.csproj", "{3756F115-187A-4FCE-B0AE-4279295BA8DC}"
EndProject
Global
	GlobalSection(SolutionConfigurationPlatforms) = preSolution
		Debug|Any CPU = Debug|Any CPU
		Release|Any CPU = Release|Any CPU
	EndGlobalSection
	GlobalSection(ProjectConfigurationPlatforms) = postSolution
		{3756F115-187A-4FCE-B0AE-4279295BA8DC}.Debug|Any CPU.ActiveCfg = Debug|Any CPU
		{3756F115-187A-4FCE-B0AE-4279295BA8DC}.Debug|Any CPU.Build.0 = Debug|Any CPU
		{3756F115-187A-4FCE-B0AE-4279295BA8DC}.Release|Any CPU.ActiveCfg = Release|Any CPU
		{3756F115-187A-4FCE-B0AE-4279295BA8DC}.Release|Any CPU.Build.0 = Release|Any CPU
	EndGlobalSection
	GlobalSection(SolutionProperties) = preSolution
		HideSolutionNode = FALSE
	EndGlobalSection
	GlobalSection(ExtensibilityGlobals) = postSolution
		SolutionGuid = {EBB0D6A6-6AAE-40F3-8B49-D7FDE326F6DA}
	EndGlobalSection
EndGlobal
